// !$*UTF8*$!
{
	archiveVersion = 1;
	classes = {
	};
	objectVersion = 46;
	objects = {

/* Begin PBXBuildFile section */
		02AD08371E82E43E00D653A5 /* Game.swift in Sources */ = {isa = PBXBuildFile; fileRef = 02AD08361E82E43E00D653A5 /* Game.swift */; };
		02AD08391E82E46D00D653A5 /* GameViewModelProtocols.swift in Sources */ = {isa = PBXBuildFile; fileRef = 02AD08381E82E46D00D653A5 /* GameViewModelProtocols.swift */; };
		02AD083B1E82E4A500D653A5 /* GameViewModel.swift in Sources */ = {isa = PBXBuildFile; fileRef = 02AD083A1E82E4A500D653A5 /* GameViewModel.swift */; };
		02AD083D1E82E6E500D653A5 /* GamesViewController.swift in Sources */ = {isa = PBXBuildFile; fileRef = 02AD083C1E82E6E500D653A5 /* GamesViewController.swift */; };
		02AD08401E82E74C00D653A5 /* CollectionViewProtocols.swift in Sources */ = {isa = PBXBuildFile; fileRef = 02AD083F1E82E74C00D653A5 /* CollectionViewProtocols.swift */; };
		02AD08421E82E77000D653A5 /* CollectionViewExtensions.swift in Sources */ = {isa = PBXBuildFile; fileRef = 02AD08411E82E77000D653A5 /* CollectionViewExtensions.swift */; };
		02AD08461E82E7F300D653A5 /* GameCell.swift in Sources */ = {isa = PBXBuildFile; fileRef = 02AD08441E82E7F300D653A5 /* GameCell.swift */; };
		02AD08471E82E7F300D653A5 /* GameCell.xib in Resources */ = {isa = PBXBuildFile; fileRef = 02AD08451E82E7F300D653A5 /* GameCell.xib */; };
		02AD084A1E82E90700D653A5 /* GamesViewControllerExtensions.swift in Sources */ = {isa = PBXBuildFile; fileRef = 02AD08491E82E90700D653A5 /* GamesViewControllerExtensions.swift */; };
		482DBA65E4F74416D8EF73E0 /* Pods_Ready4Launch.framework in Frameworks */ = {isa = PBXBuildFile; fileRef = C44974338B4CECBC73276C8B /* Pods_Ready4Launch.framework */; };
		A18F4CFA1E808B190025670D /* AppDelegate.swift in Sources */ = {isa = PBXBuildFile; fileRef = A18F4CF91E808B190025670D /* AppDelegate.swift */; };
		A18F4CFF1E808B190025670D /* Main.storyboard in Resources */ = {isa = PBXBuildFile; fileRef = A18F4CFD1E808B190025670D /* Main.storyboard */; };
		A18F4D011E808B190025670D /* Assets.xcassets in Resources */ = {isa = PBXBuildFile; fileRef = A18F4D001E808B190025670D /* Assets.xcassets */; };
		A18F4D041E808B190025670D /* LaunchScreen.storyboard in Resources */ = {isa = PBXBuildFile; fileRef = A18F4D021E808B190025670D /* LaunchScreen.storyboard */; };
		A18F4D0E1E808BE90025670D /* GoogleService-Info.plist in Resources */ = {isa = PBXBuildFile; fileRef = A18F4D0D1E808BE90025670D /* GoogleService-Info.plist */; };
		A18F4D101E808D1C0025670D /* LoginViewController.swift in Sources */ = {isa = PBXBuildFile; fileRef = A18F4D0F1E808D1C0025670D /* LoginViewController.swift */; };
		A18F4D151E809CE30025670D /* SignupViewController.swift in Sources */ = {isa = PBXBuildFile; fileRef = A18F4D141E809CE30025670D /* SignupViewController.swift */; };
/* End PBXBuildFile section */

/* Begin PBXFileReference section */
		02AD08361E82E43E00D653A5 /* Game.swift */ = {isa = PBXFileReference; fileEncoding = 4; lastKnownFileType = sourcecode.swift; path = Game.swift; sourceTree = "<group>"; };
		02AD08381E82E46D00D653A5 /* GameViewModelProtocols.swift */ = {isa = PBXFileReference; fileEncoding = 4; lastKnownFileType = sourcecode.swift; path = GameViewModelProtocols.swift; sourceTree = "<group>"; };
		02AD083A1E82E4A500D653A5 /* GameViewModel.swift */ = {isa = PBXFileReference; fileEncoding = 4; lastKnownFileType = sourcecode.swift; path = GameViewModel.swift; sourceTree = "<group>"; };
		02AD083C1E82E6E500D653A5 /* GamesViewController.swift */ = {isa = PBXFileReference; fileEncoding = 4; lastKnownFileType = sourcecode.swift; path = GamesViewController.swift; sourceTree = "<group>"; };
		02AD083F1E82E74C00D653A5 /* CollectionViewProtocols.swift */ = {isa = PBXFileReference; fileEncoding = 4; lastKnownFileType = sourcecode.swift; path = CollectionViewProtocols.swift; sourceTree = "<group>"; };
		02AD08411E82E77000D653A5 /* CollectionViewExtensions.swift */ = {isa = PBXFileReference; fileEncoding = 4; lastKnownFileType = sourcecode.swift; path = CollectionViewExtensions.swift; sourceTree = "<group>"; };
		02AD08441E82E7F300D653A5 /* GameCell.swift */ = {isa = PBXFileReference; fileEncoding = 4; lastKnownFileType = sourcecode.swift; path = GameCell.swift; sourceTree = "<group>"; };
		02AD08451E82E7F300D653A5 /* GameCell.xib */ = {isa = PBXFileReference; fileEncoding = 4; lastKnownFileType = file.xib; path = GameCell.xib; sourceTree = "<group>"; };
		02AD08491E82E90700D653A5 /* GamesViewControllerExtensions.swift */ = {isa = PBXFileReference; fileEncoding = 4; lastKnownFileType = sourcecode.swift; path = GamesViewControllerExtensions.swift; sourceTree = "<group>"; };
		1911D8CB602E7BAB8D4EC629 /* Pods-Ready4Launch.debug.xcconfig */ = {isa = PBXFileReference; includeInIndex = 1; lastKnownFileType = text.xcconfig; name = "Pods-Ready4Launch.debug.xcconfig"; path = "Pods/Target Support Files/Pods-Ready4Launch/Pods-Ready4Launch.debug.xcconfig"; sourceTree = "<group>"; };
		A18F4CF61E808B190025670D /* Ready4Launch.app */ = {isa = PBXFileReference; explicitFileType = wrapper.application; includeInIndex = 0; path = Ready4Launch.app; sourceTree = BUILT_PRODUCTS_DIR; };
		A18F4CF91E808B190025670D /* AppDelegate.swift */ = {isa = PBXFileReference; lastKnownFileType = sourcecode.swift; path = AppDelegate.swift; sourceTree = "<group>"; };
		A18F4CFE1E808B190025670D /* Base */ = {isa = PBXFileReference; lastKnownFileType = file.storyboard; name = Base; path = Base.lproj/Main.storyboard; sourceTree = "<group>"; };
		A18F4D001E808B190025670D /* Assets.xcassets */ = {isa = PBXFileReference; lastKnownFileType = folder.assetcatalog; path = Assets.xcassets; sourceTree = "<group>"; };
		A18F4D031E808B190025670D /* Base */ = {isa = PBXFileReference; lastKnownFileType = file.storyboard; name = Base; path = Base.lproj/LaunchScreen.storyboard; sourceTree = "<group>"; };
		A18F4D051E808B190025670D /* Info.plist */ = {isa = PBXFileReference; lastKnownFileType = text.plist.xml; path = Info.plist; sourceTree = "<group>"; };
		A18F4D0D1E808BE90025670D /* GoogleService-Info.plist */ = {isa = PBXFileReference; fileEncoding = 4; lastKnownFileType = text.plist.xml; path = "GoogleService-Info.plist"; sourceTree = "<group>"; };
		A18F4D0F1E808D1C0025670D /* LoginViewController.swift */ = {isa = PBXFileReference; fileEncoding = 4; lastKnownFileType = sourcecode.swift; path = LoginViewController.swift; sourceTree = "<group>"; };
		A18F4D141E809CE30025670D /* SignupViewController.swift */ = {isa = PBXFileReference; fileEncoding = 4; lastKnownFileType = sourcecode.swift; path = SignupViewController.swift; sourceTree = "<group>"; };
		C44974338B4CECBC73276C8B /* Pods_Ready4Launch.framework */ = {isa = PBXFileReference; explicitFileType = wrapper.framework; includeInIndex = 0; path = Pods_Ready4Launch.framework; sourceTree = BUILT_PRODUCTS_DIR; };
		F9B54A4DCD36D90225D614AC /* Pods-Ready4Launch.release.xcconfig */ = {isa = PBXFileReference; includeInIndex = 1; lastKnownFileType = text.xcconfig; name = "Pods-Ready4Launch.release.xcconfig"; path = "Pods/Target Support Files/Pods-Ready4Launch/Pods-Ready4Launch.release.xcconfig"; sourceTree = "<group>"; };
/* End PBXFileReference section */

/* Begin PBXFrameworksBuildPhase section */
		A18F4CF31E808B180025670D /* Frameworks */ = {
			isa = PBXFrameworksBuildPhase;
			buildActionMask = 2147483647;
			files = (
				482DBA65E4F74416D8EF73E0 /* Pods_Ready4Launch.framework in Frameworks */,
			);
			runOnlyForDeploymentPostprocessing = 0;
		};
/* End PBXFrameworksBuildPhase section */

/* Begin PBXGroup section */
		02AD083E1E82E72600D653A5 /* ViewModels */ = {
			isa = PBXGroup;
			children = (
				02AD08381E82E46D00D653A5 /* GameViewModelProtocols.swift */,
				02AD083A1E82E4A500D653A5 /* GameViewModel.swift */,
			);
			name = ViewModels;
			sourceTree = "<group>";
		};
		02AD08431E82E78E00D653A5 /* CollectionViewHelpers */ = {
			isa = PBXGroup;
			children = (
				02AD08411E82E77000D653A5 /* CollectionViewExtensions.swift */,
				02AD083F1E82E74C00D653A5 /* CollectionViewProtocols.swift */,
			);
			name = CollectionViewHelpers;
			sourceTree = "<group>";
		};
		02AD08481E82E8D900D653A5 /* Extensions */ = {
			isa = PBXGroup;
			children = (
				02AD08491E82E90700D653A5 /* GamesViewControllerExtensions.swift */,
			);
			name = Extensions;
			sourceTree = "<group>";
		};
		59D81C83DF52EEA05B143B3F /* Pods */ = {
			isa = PBXGroup;
			children = (
				1911D8CB602E7BAB8D4EC629 /* Pods-Ready4Launch.debug.xcconfig */,
				F9B54A4DCD36D90225D614AC /* Pods-Ready4Launch.release.xcconfig */,
			);
			name = Pods;
			sourceTree = "<group>";
		};
		8B041E6A3DCED60486B4D49D /* Frameworks */ = {
			isa = PBXGroup;
			children = (
				C44974338B4CECBC73276C8B /* Pods_Ready4Launch.framework */,
			);
			name = Frameworks;
			sourceTree = "<group>";
		};
		A18F4CED1E808B180025670D = {
			isa = PBXGroup;
			children = (
				A18F4CF81E808B190025670D /* Ready4Launch */,
				A18F4CF71E808B190025670D /* Products */,
				59D81C83DF52EEA05B143B3F /* Pods */,
				8B041E6A3DCED60486B4D49D /* Frameworks */,
			);
			sourceTree = "<group>";
		};
		A18F4CF71E808B190025670D /* Products */ = {
			isa = PBXGroup;
			children = (
				A18F4CF61E808B190025670D /* Ready4Launch.app */,
			);
			name = Products;
			sourceTree = "<group>";
		};
		A18F4CF81E808B190025670D /* Ready4Launch */ = {
			isa = PBXGroup;
			children = (
				02AD08481E82E8D900D653A5 /* Extensions */,
				02AD083E1E82E72600D653A5 /* ViewModels */,
				A18F4D131E808D3D0025670D /* Model */,
				A18F4D121E808D370025670D /* Views */,
				A18F4D111E808D2F0025670D /* Controllers */,
				A18F4CF91E808B190025670D /* AppDelegate.swift */,
				A18F4CFD1E808B190025670D /* Main.storyboard */,
				A18F4D001E808B190025670D /* Assets.xcassets */,
				A18F4D021E808B190025670D /* LaunchScreen.storyboard */,
				A18F4D051E808B190025670D /* Info.plist */,
				A18F4D0D1E808BE90025670D /* GoogleService-Info.plist */,
			);
			path = Ready4Launch;
			sourceTree = "<group>";
		};
		A18F4D111E808D2F0025670D /* Controllers */ = {
			isa = PBXGroup;
			children = (
				A18F4D0F1E808D1C0025670D /* LoginViewController.swift */,
				A18F4D141E809CE30025670D /* SignupViewController.swift */,
				02AD083C1E82E6E500D653A5 /* GamesViewController.swift */,
			);
			name = Controllers;
			sourceTree = "<group>";
		};
		A18F4D121E808D370025670D /* Views */ = {
			isa = PBXGroup;
			children = (
				02AD08431E82E78E00D653A5 /* CollectionViewHelpers */,
				02AD08441E82E7F300D653A5 /* GameCell.swift */,
				02AD08451E82E7F300D653A5 /* GameCell.xib */,
			);
			name = Views;
			sourceTree = "<group>";
		};
		A18F4D131E808D3D0025670D /* Model */ = {
			isa = PBXGroup;
			children = (
				02AD08361E82E43E00D653A5 /* Game.swift */,
			);
			name = Model;
			sourceTree = "<group>";
		};
/* End PBXGroup section */

/* Begin PBXNativeTarget section */
		A18F4CF51E808B180025670D /* Ready4Launch */ = {
			isa = PBXNativeTarget;
			buildConfigurationList = A18F4D081E808B190025670D /* Build configuration list for PBXNativeTarget "Ready4Launch" */;
			buildPhases = (
				FD0726CD8321F9A6061154DE /* [CP] Check Pods Manifest.lock */,
				A18F4CF21E808B180025670D /* Sources */,
				A18F4CF31E808B180025670D /* Frameworks */,
				A18F4CF41E808B180025670D /* Resources */,
				7BDD5D321F6CE468380880ED /* [CP] Embed Pods Frameworks */,
				2AFA01CDF575562B66146474 /* [CP] Copy Pods Resources */,
			);
			buildRules = (
			);
			dependencies = (
			);
			name = Ready4Launch;
			productName = Ready4Launch;
			productReference = A18F4CF61E808B190025670D /* Ready4Launch.app */;
			productType = "com.apple.product-type.application";
		};
/* End PBXNativeTarget section */

/* Begin PBXProject section */
		A18F4CEE1E808B180025670D /* Project object */ = {
			isa = PBXProject;
			attributes = {
				LastSwiftUpdateCheck = 0820;
				LastUpgradeCheck = 0820;
				ORGANIZATIONNAME = "Eric Suarez";
				TargetAttributes = {
					A18F4CF51E808B180025670D = {
						CreatedOnToolsVersion = 8.2.1;
						DevelopmentTeam = 4CFBTQ63L7;
						ProvisioningStyle = Automatic;
					};
				};
			};
			buildConfigurationList = A18F4CF11E808B180025670D /* Build configuration list for PBXProject "Ready4Launch" */;
			compatibilityVersion = "Xcode 3.2";
			developmentRegion = English;
			hasScannedForEncodings = 0;
			knownRegions = (
				en,
				Base,
			);
			mainGroup = A18F4CED1E808B180025670D;
			productRefGroup = A18F4CF71E808B190025670D /* Products */;
			projectDirPath = "";
			projectRoot = "";
			targets = (
				A18F4CF51E808B180025670D /* Ready4Launch */,
			);
		};
/* End PBXProject section */

/* Begin PBXResourcesBuildPhase section */
		A18F4CF41E808B180025670D /* Resources */ = {
			isa = PBXResourcesBuildPhase;
			buildActionMask = 2147483647;
			files = (
				A18F4D041E808B190025670D /* LaunchScreen.storyboard in Resources */,
				02AD08471E82E7F300D653A5 /* GameCell.xib in Resources */,
				A18F4D0E1E808BE90025670D /* GoogleService-Info.plist in Resources */,
				A18F4D011E808B190025670D /* Assets.xcassets in Resources */,
				A18F4CFF1E808B190025670D /* Main.storyboard in Resources */,
			);
			runOnlyForDeploymentPostprocessing = 0;
		};
/* End PBXResourcesBuildPhase section */

/* Begin PBXShellScriptBuildPhase section */
		2AFA01CDF575562B66146474 /* [CP] Copy Pods Resources */ = {
			isa = PBXShellScriptBuildPhase;
			buildActionMask = 2147483647;
			files = (
			);
			inputPaths = (
			);
			name = "[CP] Copy Pods Resources";
			outputPaths = (
			);
			runOnlyForDeploymentPostprocessing = 0;
			shellPath = /bin/sh;
			shellScript = "\"${SRCROOT}/Pods/Target Support Files/Pods-Ready4Launch/Pods-Ready4Launch-resources.sh\"\n";
			showEnvVarsInLog = 0;
		};
		7BDD5D321F6CE468380880ED /* [CP] Embed Pods Frameworks */ = {
			isa = PBXShellScriptBuildPhase;
			buildActionMask = 2147483647;
			files = (
			);
			inputPaths = (
			);
			name = "[CP] Embed Pods Frameworks";
			outputPaths = (
			);
			runOnlyForDeploymentPostprocessing = 0;
			shellPath = /bin/sh;
			shellScript = "\"${SRCROOT}/Pods/Target Support Files/Pods-Ready4Launch/Pods-Ready4Launch-frameworks.sh\"\n";
			showEnvVarsInLog = 0;
		};
		FD0726CD8321F9A6061154DE /* [CP] Check Pods Manifest.lock */ = {
			isa = PBXShellScriptBuildPhase;
			buildActionMask = 2147483647;
			files = (
			);
			inputPaths = (
			);
			name = "[CP] Check Pods Manifest.lock";
			outputPaths = (
			);
			runOnlyForDeploymentPostprocessing = 0;
			shellPath = /bin/sh;
			shellScript = "diff \"${PODS_ROOT}/../Podfile.lock\" \"${PODS_ROOT}/Manifest.lock\" > /dev/null\nif [ $? != 0 ] ; then\n    # print error to STDERR\n    echo \"error: The sandbox is not in sync with the Podfile.lock. Run 'pod install' or update your CocoaPods installation.\" >&2\n    exit 1\nfi\n";
			showEnvVarsInLog = 0;
		};
/* End PBXShellScriptBuildPhase section */

/* Begin PBXSourcesBuildPhase section */
		A18F4CF21E808B180025670D /* Sources */ = {
			isa = PBXSourcesBuildPhase;
			buildActionMask = 2147483647;
			files = (
				02AD083D1E82E6E500D653A5 /* GamesViewController.swift in Sources */,
				02AD084A1E82E90700D653A5 /* GamesViewControllerExtensions.swift in Sources */,
				02AD083B1E82E4A500D653A5 /* GameViewModel.swift in Sources */,
				A18F4D151E809CE30025670D /* SignupViewController.swift in Sources */,
				A18F4D101E808D1C0025670D /* LoginViewController.swift in Sources */,
				02AD08401E82E74C00D653A5 /* CollectionViewProtocols.swift in Sources */,
				02AD08461E82E7F300D653A5 /* GameCell.swift in Sources */,
				02AD08391E82E46D00D653A5 /* GameViewModelProtocols.swift in Sources */,
				02AD08421E82E77000D653A5 /* CollectionViewExtensions.swift in Sources */,
				A18F4CFA1E808B190025670D /* AppDelegate.swift in Sources */,
				02AD08371E82E43E00D653A5 /* Game.swift in Sources */,
			);
			runOnlyForDeploymentPostprocessing = 0;
		};
/* End PBXSourcesBuildPhase section */

/* Begin PBXVariantGroup section */
		A18F4CFD1E808B190025670D /* Main.storyboard */ = {
			isa = PBXVariantGroup;
			children = (
				A18F4CFE1E808B190025670D /* Base */,
			);
			name = Main.storyboard;
			sourceTree = "<group>";
		};
		A18F4D021E808B190025670D /* LaunchScreen.storyboard */ = {
			isa = PBXVariantGroup;
			children = (
				A18F4D031E808B190025670D /* Base */,
			);
			name = LaunchScreen.storyboard;
			sourceTree = "<group>";
		};
/* End PBXVariantGroup section */

/* Begin XCBuildConfiguration section */
		A18F4D061E808B190025670D /* Debug */ = {
			isa = XCBuildConfiguration;
			buildSettings = {
				ALWAYS_SEARCH_USER_PATHS = NO;
				CLANG_ANALYZER_NONNULL = YES;
				CLANG_CXX_LANGUAGE_STANDARD = "gnu++0x";
				CLANG_CXX_LIBRARY = "libc++";
				CLANG_ENABLE_MODULES = YES;
				CLANG_ENABLE_OBJC_ARC = YES;
				CLANG_WARN_BOOL_CONVERSION = YES;
				CLANG_WARN_CONSTANT_CONVERSION = YES;
				CLANG_WARN_DIRECT_OBJC_ISA_USAGE = YES_ERROR;
				CLANG_WARN_DOCUMENTATION_COMMENTS = YES;
				CLANG_WARN_EMPTY_BODY = YES;
				CLANG_WARN_ENUM_CONVERSION = YES;
				CLANG_WARN_INFINITE_RECURSION = YES;
				CLANG_WARN_INT_CONVERSION = YES;
				CLANG_WARN_OBJC_ROOT_CLASS = YES_ERROR;
				CLANG_WARN_SUSPICIOUS_MOVE = YES;
				CLANG_WARN_UNREACHABLE_CODE = YES;
				CLANG_WARN__DUPLICATE_METHOD_MATCH = YES;
				"CODE_SIGN_IDENTITY[sdk=iphoneos*]" = "iPhone Developer";
				COPY_PHASE_STRIP = NO;
				DEBUG_INFORMATION_FORMAT = dwarf;
				ENABLE_STRICT_OBJC_MSGSEND = YES;
				ENABLE_TESTABILITY = YES;
				GCC_C_LANGUAGE_STANDARD = gnu99;
				GCC_DYNAMIC_NO_PIC = NO;
				GCC_NO_COMMON_BLOCKS = YES;
				GCC_OPTIMIZATION_LEVEL = 0;
				GCC_PREPROCESSOR_DEFINITIONS = (
					"DEBUG=1",
					"$(inherited)",
				);
				GCC_WARN_64_TO_32_BIT_CONVERSION = YES;
				GCC_WARN_ABOUT_RETURN_TYPE = YES_ERROR;
				GCC_WARN_UNDECLARED_SELECTOR = YES;
				GCC_WARN_UNINITIALIZED_AUTOS = YES_AGGRESSIVE;
				GCC_WARN_UNUSED_FUNCTION = YES;
				GCC_WARN_UNUSED_VARIABLE = YES;
				IPHONEOS_DEPLOYMENT_TARGET = 10.2;
				MTL_ENABLE_DEBUG_INFO = YES;
				ONLY_ACTIVE_ARCH = YES;
				SDKROOT = iphoneos;
				SWIFT_ACTIVE_COMPILATION_CONDITIONS = DEBUG;
				SWIFT_OPTIMIZATION_LEVEL = "-Onone";
			};
			name = Debug;
		};
		A18F4D071E808B190025670D /* Release */ = {
			isa = XCBuildConfiguration;
			buildSettings = {
				ALWAYS_SEARCH_USER_PATHS = NO;
				CLANG_ANALYZER_NONNULL = YES;
				CLANG_CXX_LANGUAGE_STANDARD = "gnu++0x";
				CLANG_CXX_LIBRARY = "libc++";
				CLANG_ENABLE_MODULES = YES;
				CLANG_ENABLE_OBJC_ARC = YES;
				CLANG_WARN_BOOL_CONVERSION = YES;
				CLANG_WARN_CONSTANT_CONVERSION = YES;
				CLANG_WARN_DIRECT_OBJC_ISA_USAGE = YES_ERROR;
				CLANG_WARN_DOCUMENTATION_COMMENTS = YES;
				CLANG_WARN_EMPTY_BODY = YES;
				CLANG_WARN_ENUM_CONVERSION = YES;
				CLANG_WARN_INFINITE_RECURSION = YES;
				CLANG_WARN_INT_CONVERSION = YES;
				CLANG_WARN_OBJC_ROOT_CLASS = YES_ERROR;
				CLANG_WARN_SUSPICIOUS_MOVE = YES;
				CLANG_WARN_UNREACHABLE_CODE = YES;
				CLANG_WARN__DUPLICATE_METHOD_MATCH = YES;
				"CODE_SIGN_IDENTITY[sdk=iphoneos*]" = "iPhone Developer";
				COPY_PHASE_STRIP = NO;
				DEBUG_INFORMATION_FORMAT = "dwarf-with-dsym";
				ENABLE_NS_ASSERTIONS = NO;
				ENABLE_STRICT_OBJC_MSGSEND = YES;
				GCC_C_LANGUAGE_STANDARD = gnu99;
				GCC_NO_COMMON_BLOCKS = YES;
				GCC_WARN_64_TO_32_BIT_CONVERSION = YES;
				GCC_WARN_ABOUT_RETURN_TYPE = YES_ERROR;
				GCC_WARN_UNDECLARED_SELECTOR = YES;
				GCC_WARN_UNINITIALIZED_AUTOS = YES_AGGRESSIVE;
				GCC_WARN_UNUSED_FUNCTION = YES;
				GCC_WARN_UNUSED_VARIABLE = YES;
				IPHONEOS_DEPLOYMENT_TARGET = 10.2;
				MTL_ENABLE_DEBUG_INFO = NO;
				SDKROOT = iphoneos;
				SWIFT_OPTIMIZATION_LEVEL = "-Owholemodule";
				VALIDATE_PRODUCT = YES;
			};
			name = Release;
		};
		A18F4D091E808B190025670D /* Debug */ = {
			isa = XCBuildConfiguration;
			baseConfigurationReference = 1911D8CB602E7BAB8D4EC629 /* Pods-Ready4Launch.debug.xcconfig */;
			buildSettings = {
				ASSETCATALOG_COMPILER_APPICON_NAME = AppIcon;
				DEVELOPMENT_TEAM = 4CFBTQ63L7;
				INFOPLIST_FILE = Ready4Launch/Info.plist;
				LD_RUNPATH_SEARCH_PATHS = "$(inherited) @executable_path/Frameworks";
				PRODUCT_BUNDLE_IDENTIFIER = com.eric.Ready4Launch;
				PRODUCT_NAME = "$(TARGET_NAME)";
				SWIFT_VERSION = 3.0;
			};
			name = Debug;
		};
		A18F4D0A1E808B190025670D /* Release */ = {
			isa = XCBuildConfiguration;
			baseConfigurationReference = F9B54A4DCD36D90225D614AC /* Pods-Ready4Launch.release.xcconfig */;
			buildSettings = {
				ASSETCATALOG_COMPILER_APPICON_NAME = AppIcon;
				DEVELOPMENT_TEAM = 4CFBTQ63L7;
				INFOPLIST_FILE = Ready4Launch/Info.plist;
				LD_RUNPATH_SEARCH_PATHS = "$(inherited) @executable_path/Frameworks";
				PRODUCT_BUNDLE_IDENTIFIER = com.eric.Ready4Launch;
				PRODUCT_NAME = "$(TARGET_NAME)";
				SWIFT_VERSION = 3.0;
			};
			name = Release;
		};
/* End XCBuildConfiguration section */

/* Begin XCConfigurationList section */
		A18F4CF11E808B180025670D /* Build configuration list for PBXProject "Ready4Launch" */ = {
			isa = XCConfigurationList;
			buildConfigurations = (
				A18F4D061E808B190025670D /* Debug */,
				A18F4D071E808B190025670D /* Release */,
			);
			defaultConfigurationIsVisible = 0;
			defaultConfigurationName = Release;
		};
		A18F4D081E808B190025670D /* Build configuration list for PBXNativeTarget "Ready4Launch" */ = {
			isa = XCConfigurationList;
			buildConfigurations = (
				A18F4D091E808B190025670D /* Debug */,
				A18F4D0A1E808B190025670D /* Release */,
			);
			defaultConfigurationIsVisible = 0;
			defaultConfigurationName = Release;
		};
/* End XCConfigurationList section */
	};
	rootObject = A18F4CEE1E808B180025670D /* Project object */;
}
